
Microsoft Visual Studio Solution File, Format Version 12.00
# Visual Studio Version 17
VisualStudioVersion = 17.7.34031.279
MinimumVisualStudioVersion = 10.0.40219.1
Project("{FAE04EC0-301F-11D3-BF4B-00C04F79EFBC}") = "laba3", "laba3\laba3.csproj", "{66946CD4-04CF-4EB4-887B-9A78BABA9906}"
EndProject
Project("{FAE04EC0-301F-11D3-BF4B-00C04F79EFBC}") = "fPhone", "fPhone\fPhone.csproj", "{BDDC5F37-A130-4EE6-8D43-3ECE27780F16}"
EndProject
Global
	GlobalSection(SolutionConfigurationPlatforms) = preSolution
		Debug|Any CPU = Debug|Any CPU
		Release|Any CPU = Release|Any CPU
	EndGlobalSection
	GlobalSection(ProjectConfigurationPlatforms) = postSolution
		{66946CD4-04CF-4EB4-887B-9A78BABA9906}.Debug|Any CPU.ActiveCfg = Debug|Any CPU
		{66946CD4-04CF-4EB4-887B-9A78BABA9906}.Debug|Any CPU.Build.0 = Debug|Any CPU
		{66946CD4-04CF-4EB4-887B-9A78BABA9906}.Release|Any CPU.ActiveCfg = Release|Any CPU
		{66946CD4-04CF-4EB4-887B-9A78BABA9906}.Release|Any CPU.Build.0 = Release|Any CPU
		{BDDC5F37-A130-4EE6-8D43-3ECE27780F16}.Debug|Any CPU.ActiveCfg = Debug|Any CPU
		{BDDC5F37-A130-4EE6-8D43-3ECE27780F16}.Debug|Any CPU.Build.0 = Debug|Any CPU
		{BDDC5F37-A130-4EE6-8D43-3ECE27780F16}.Release|Any CPU.ActiveCfg = Release|Any CPU
		{BDDC5F37-A130-4EE6-8D43-3ECE27780F16}.Release|Any CPU.Build.0 = Release|Any CPU
	EndGlobalSection
	GlobalSection(SolutionProperties) = preSolution
		HideSolutionNode = FALSE
	EndGlobalSection
	GlobalSection(ExtensibilityGlobals) = postSolution
		SolutionGuid = {CAA08293-83B1-4914-AE65-3226AFB98AA9}
	EndGlobalSection
EndGlobal
